Microsoft Visual Studio Solution File, Format Version 11.00
# Visual Studio 2008

Project("{B7AEE7C8-755D-2C7D-D6DF-0EF103A5A0D3}") = "Game with pathfinding and map generation", "Assembly-CSharp.csproj", "{DB678A6D-F4DF-6226-3229-DD5336A408DA}"
EndProject
Global
	GlobalSection(SolutionConfigurationPlatforms) = preSolution
		Debug|Any CPU = Debug|Any CPU
		Release|Any CPU = Release|Any CPU
	EndGlobalSection
	GlobalSection(ProjectConfigurationPlatforms) = postSolution
		{DB678A6D-F4DF-6226-3229-DD5336A408DA}.Debug|Any CPU.ActiveCfg = Debug|Any CPU
		{DB678A6D-F4DF-6226-3229-DD5336A408DA}.Debug|Any CPU.Build.0 = Debug|Any CPU
		{DB678A6D-F4DF-6226-3229-DD5336A408DA}.Release|Any CPU.ActiveCfg = Release|Any CPU
		{DB678A6D-F4DF-6226-3229-DD5336A408DA}.Release|Any CPU.Build.0 = Release|Any CPU
	EndGlobalSection
	GlobalSection(SolutionProperties) = preSolution
		HideSolutionNode = FALSE
	EndGlobalSection
	GlobalSection(MonoDevelopProperties) = preSolution
		StartupItem = Assembly-CSharp.csproj
	EndGlobalSection
EndGlobal
