Microsoft Visual Studio Solution File, Format Version 11.00
# Visual Studio 2008

Project("{73B1BF51-8656-2FAD-7F43-F239E5DA9706}") = "day02", "Assembly-CSharp.csproj", "{0C629EF1-01B8-05E2-391C-D2CCA76EF7C4}"
EndProject
Global
	GlobalSection(SolutionConfigurationPlatforms) = preSolution
		Debug|Any CPU = Debug|Any CPU
		Release|Any CPU = Release|Any CPU
	EndGlobalSection
	GlobalSection(ProjectConfigurationPlatforms) = postSolution
		{0C629EF1-01B8-05E2-391C-D2CCA76EF7C4}.Debug|Any CPU.ActiveCfg = Debug|Any CPU
		{0C629EF1-01B8-05E2-391C-D2CCA76EF7C4}.Debug|Any CPU.Build.0 = Debug|Any CPU
		{0C629EF1-01B8-05E2-391C-D2CCA76EF7C4}.Release|Any CPU.ActiveCfg = Release|Any CPU
		{0C629EF1-01B8-05E2-391C-D2CCA76EF7C4}.Release|Any CPU.Build.0 = Release|Any CPU
	EndGlobalSection
	GlobalSection(SolutionProperties) = preSolution
		HideSolutionNode = FALSE
	EndGlobalSection
	GlobalSection(MonoDevelopProperties) = preSolution
		StartupItem = Assembly-CSharp.csproj
	EndGlobalSection
EndGlobal
